PODS:
  - iOSSnapshotTestCase (5.0.2):
    - iOSSnapshotTestCase/SwiftSupport (= 5.0.2)
  - iOSSnapshotTestCase/Core (5.0.2)
  - iOSSnapshotTestCase/SwiftSupport (5.0.2):
    - iOSSnapshotTestCase/Core
  - KIF (3.7.4):
    - KIF/Core (= 3.7.4)
  - KIF/Core (3.7.4)
  - Kingfisher (5.1.1)
  - Nimble (7.3.4)
  - Nimble-Snapshots (6.9.1):
    - Nimble-Snapshots/Core (= 6.9.1)
  - Nimble-Snapshots/Core (6.9.1):
    - iOSSnapshotTestCase (~> 5.0)
    - Nimble (~> 7.0)
  - Quick (1.3.4)
  - ReachabilitySwift (4.3.0)
  - Realm (3.13.1):
    - Realm/Headers (= 3.13.1)
  - Realm/Headers (3.13.1)
  - RealmSwift (3.13.1):
    - Realm (= 3.13.1)
  - Reusable (4.0.5):
    - Reusable/Storyboard (= 4.0.5)
    - Reusable/View (= 4.0.5)
  - Reusable/Storyboard (4.0.5)
  - Reusable/View (4.0.5)
  - SnapKit (4.2.0)
  - SwiftFormat/CLI (0.39.0)

DEPENDENCIES:
  - KIF (= 3.7.4)
  - Kingfisher (= 5.1.1)
  - Nimble (= 7.3.4)
  - Nimble-Snapshots (= 6.9.1)
  - Quick (= 1.3.4)
  - ReachabilitySwift (= 4.3.0)
  - RealmSwift (= 3.13.1)
  - Reusable (= 4.0.5)
  - SnapKit (= 4.2.0)
  - SwiftFormat/CLI (= 0.39.0)

SPEC REPOS:
  https://github.com/cocoapods/specs.git:
    - iOSSnapshotTestCase
    - KIF
    - Kingfisher
    - Nimble
    - Nimble-Snapshots
    - Quick
    - ReachabilitySwift
    - Realm
    - RealmSwift
    - Reusable
    - SnapKit
    - SwiftFormat

SPEC CHECKSUMS:
  iOSSnapshotTestCase: 2d51aa06775e95cecb0a1fb9c5c159ccd1dd4596
  KIF: f3d01c109ee9d1cfe6b0f2bb2aa278e807e971e2
  Kingfisher: 2558186963e5be42d98c5b110ccb3130148b77e4
  Nimble: 051e3d8912d40138fa5591c78594f95fb172af37
  Nimble-Snapshots: bbd1ab264bacc24a9ce24a8363bc05aac783aeb0
  Quick: f4f7f063c524394c73ed93ac70983c609805d481
  ReachabilitySwift: 408477d1b6ed9779dba301953171e017c31241f3
  Realm: 50071da38fe079e0735e47c9f2eae738c68c5996
  RealmSwift: 8a1e6a02b7a08cd17a31e3115143fb69fe5f3fb9
  Reusable: 188be1a54ac0691bc66e5bb24ec6eb91971b315b
  SnapKit: fe8a619752f3f27075cc9a90244d75c6c3f27e2a
  SwiftFormat: a27a799eeaf246313c3b388ad6d5ae33c78eb6f3

PODFILE CHECKSUM: 311564ba2136e499d96583bfccaa86a7f0944f64

COCOAPODS: 1.6.0
