// !$*UTF8*$!
{
	archiveVersion = 1;
	classes = {
	};
	objectVersion = 50;
	objects = {

/* Begin PBXBuildFile section */
		16036CA1BE8249F0FC89C44B /* Pods_magicbyirineuTests.framework in Frameworks */ = {isa = PBXBuildFile; fileRef = DFFE759530F7B0A434A32EFC /* Pods_magicbyirineuTests.framework */; };
		473C8D6322174F400095CC4C /* SnapKit.framework in Frameworks */ = {isa = PBXBuildFile; fileRef = 473C8D6222174F400095CC4C /* SnapKit.framework */; };
		473C8D6522174F450095CC4C /* SnapKit.framework in Embed Frameworks */ = {isa = PBXBuildFile; fileRef = 473C8D6222174F400095CC4C /* SnapKit.framework */; settings = {ATTRIBUTES = (CodeSignOnCopy, RemoveHeadersOnCopy, ); }; };
		478BC45A22171E27000579FE /* AppDelegate.swift in Sources */ = {isa = PBXBuildFile; fileRef = 478BC45922171E27000579FE /* AppDelegate.swift */; };
		478BC45C22171E27000579FE /* ViewController.swift in Sources */ = {isa = PBXBuildFile; fileRef = 478BC45B22171E27000579FE /* ViewController.swift */; };
		478BC45F22171E27000579FE /* Main.storyboard in Resources */ = {isa = PBXBuildFile; fileRef = 478BC45D22171E27000579FE /* Main.storyboard */; };
		478BC46122171E28000579FE /* Assets.xcassets in Resources */ = {isa = PBXBuildFile; fileRef = 478BC46022171E28000579FE /* Assets.xcassets */; };
		478BC46422171E28000579FE /* LaunchScreen.storyboard in Resources */ = {isa = PBXBuildFile; fileRef = 478BC46222171E28000579FE /* LaunchScreen.storyboard */; };
		478BC46F22171E28000579FE /* magicbyirineuTests.swift in Sources */ = {isa = PBXBuildFile; fileRef = 478BC46E22171E28000579FE /* magicbyirineuTests.swift */; };
/* End PBXBuildFile section */

/* Begin PBXContainerItemProxy section */
		478BC46B22171E28000579FE /* PBXContainerItemProxy */ = {
			isa = PBXContainerItemProxy;
			containerPortal = 478BC44E22171E27000579FE /* Project object */;
			proxyType = 1;
			remoteGlobalIDString = 478BC45522171E27000579FE;
			remoteInfo = magicbyirineu;
		};
/* End PBXContainerItemProxy section */

/* Begin PBXCopyFilesBuildPhase section */
		473C8D6622174F450095CC4C /* Embed Frameworks */ = {
			isa = PBXCopyFilesBuildPhase;
			buildActionMask = 2147483647;
			dstPath = "";
			dstSubfolderSpec = 10;
			files = (
				473C8D6522174F450095CC4C /* SnapKit.framework in Embed Frameworks */,
			);
			name = "Embed Frameworks";
			runOnlyForDeploymentPostprocessing = 0;
		};
/* End PBXCopyFilesBuildPhase section */

/* Begin PBXFileReference section */
		0223602AF3E5AD2F6158451B /* Pods_magicbyirineu.framework */ = {isa = PBXFileReference; explicitFileType = wrapper.framework; includeInIndex = 0; path = Pods_magicbyirineu.framework; sourceTree = BUILT_PRODUCTS_DIR; };
		473C8D6222174F400095CC4C /* SnapKit.framework */ = {isa = PBXFileReference; lastKnownFileType = wrapper.framework; name = SnapKit.framework; path = Carthage/Build/iOS/SnapKit.framework; sourceTree = "<group>"; };
		478BC45622171E27000579FE /* magicbyirineu.app */ = {isa = PBXFileReference; explicitFileType = wrapper.application; includeInIndex = 0; path = magicbyirineu.app; sourceTree = BUILT_PRODUCTS_DIR; };
		478BC45922171E27000579FE /* AppDelegate.swift */ = {isa = PBXFileReference; lastKnownFileType = sourcecode.swift; path = AppDelegate.swift; sourceTree = "<group>"; };
		478BC45B22171E27000579FE /* ViewController.swift */ = {isa = PBXFileReference; lastKnownFileType = sourcecode.swift; path = ViewController.swift; sourceTree = "<group>"; };
		478BC45E22171E27000579FE /* Base */ = {isa = PBXFileReference; lastKnownFileType = file.storyboard; name = Base; path = Base.lproj/Main.storyboard; sourceTree = "<group>"; };
		478BC46022171E28000579FE /* Assets.xcassets */ = {isa = PBXFileReference; lastKnownFileType = folder.assetcatalog; path = Assets.xcassets; sourceTree = "<group>"; };
		478BC46322171E28000579FE /* Base */ = {isa = PBXFileReference; lastKnownFileType = file.storyboard; name = Base; path = Base.lproj/LaunchScreen.storyboard; sourceTree = "<group>"; };
		478BC46522171E28000579FE /* Info.plist */ = {isa = PBXFileReference; lastKnownFileType = text.plist.xml; path = Info.plist; sourceTree = "<group>"; };
		478BC46A22171E28000579FE /* magicbyirineuTests.xctest */ = {isa = PBXFileReference; explicitFileType = wrapper.cfbundle; includeInIndex = 0; path = magicbyirineuTests.xctest; sourceTree = BUILT_PRODUCTS_DIR; };
		478BC46E22171E28000579FE /* magicbyirineuTests.swift */ = {isa = PBXFileReference; lastKnownFileType = sourcecode.swift; path = magicbyirineuTests.swift; sourceTree = "<group>"; };
		478BC47022171E28000579FE /* Info.plist */ = {isa = PBXFileReference; lastKnownFileType = text.plist.xml; path = Info.plist; sourceTree = "<group>"; };
		B7AA5EDA7BBB11599890F6E7 /* Pods-magicbyirineuTests.debug.xcconfig */ = {isa = PBXFileReference; includeInIndex = 1; lastKnownFileType = text.xcconfig; name = "Pods-magicbyirineuTests.debug.xcconfig"; path = "Pods/Target Support Files/Pods-magicbyirineuTests/Pods-magicbyirineuTests.debug.xcconfig"; sourceTree = "<group>"; };
		CA34616E3BD7F470AF4450BD /* Pods-magicbyirineu.debug.xcconfig */ = {isa = PBXFileReference; includeInIndex = 1; lastKnownFileType = text.xcconfig; name = "Pods-magicbyirineu.debug.xcconfig"; path = "Pods/Target Support Files/Pods-magicbyirineu/Pods-magicbyirineu.debug.xcconfig"; sourceTree = "<group>"; };
		D72262C0173B8F562F887DAC /* Pods-magicbyirineu.release.xcconfig */ = {isa = PBXFileReference; includeInIndex = 1; lastKnownFileType = text.xcconfig; name = "Pods-magicbyirineu.release.xcconfig"; path = "Pods/Target Support Files/Pods-magicbyirineu/Pods-magicbyirineu.release.xcconfig"; sourceTree = "<group>"; };
		DFFE759530F7B0A434A32EFC /* Pods_magicbyirineuTests.framework */ = {isa = PBXFileReference; explicitFileType = wrapper.framework; includeInIndex = 0; path = Pods_magicbyirineuTests.framework; sourceTree = BUILT_PRODUCTS_DIR; };
		FC925AEDA27E9C9572F65A81 /* Pods-magicbyirineuTests.release.xcconfig */ = {isa = PBXFileReference; includeInIndex = 1; lastKnownFileType = text.xcconfig; name = "Pods-magicbyirineuTests.release.xcconfig"; path = "Pods/Target Support Files/Pods-magicbyirineuTests/Pods-magicbyirineuTests.release.xcconfig"; sourceTree = "<group>"; };
/* End PBXFileReference section */

/* Begin PBXFrameworksBuildPhase section */
		478BC45322171E27000579FE /* Frameworks */ = {
			isa = PBXFrameworksBuildPhase;
			buildActionMask = 2147483647;
			files = (
				473C8D6322174F400095CC4C /* SnapKit.framework in Frameworks */,
			);
			runOnlyForDeploymentPostprocessing = 0;
		};
		478BC46722171E28000579FE /* Frameworks */ = {
			isa = PBXFrameworksBuildPhase;
			buildActionMask = 2147483647;
			files = (
				16036CA1BE8249F0FC89C44B /* Pods_magicbyirineuTests.framework in Frameworks */,
			);
			runOnlyForDeploymentPostprocessing = 0;
		};
/* End PBXFrameworksBuildPhase section */

/* Begin PBXGroup section */
		10391439FB88BE94A6C8E1DA /* Frameworks */ = {
			isa = PBXGroup;
			children = (
				473C8D6222174F400095CC4C /* SnapKit.framework */,
				0223602AF3E5AD2F6158451B /* Pods_magicbyirineu.framework */,
				DFFE759530F7B0A434A32EFC /* Pods_magicbyirineuTests.framework */,
			);
			name = Frameworks;
			sourceTree = "<group>";
		};
		185C0AD04A7F8793A52F7E1E /* Pods */ = {
			isa = PBXGroup;
			children = (
				CA34616E3BD7F470AF4450BD /* Pods-magicbyirineu.debug.xcconfig */,
				D72262C0173B8F562F887DAC /* Pods-magicbyirineu.release.xcconfig */,
				B7AA5EDA7BBB11599890F6E7 /* Pods-magicbyirineuTests.debug.xcconfig */,
				FC925AEDA27E9C9572F65A81 /* Pods-magicbyirineuTests.release.xcconfig */,
			);
			name = Pods;
			sourceTree = "<group>";
		};
		478BC44D22171E27000579FE = {
			isa = PBXGroup;
			children = (
				478BC45822171E27000579FE /* magicbyirineu */,
				478BC46D22171E28000579FE /* magicbyirineuTests */,
				478BC45722171E27000579FE /* Products */,
				185C0AD04A7F8793A52F7E1E /* Pods */,
				10391439FB88BE94A6C8E1DA /* Frameworks */,
			);
			sourceTree = "<group>";
		};
		478BC45722171E27000579FE /* Products */ = {
			isa = PBXGroup;
			children = (
				478BC45622171E27000579FE /* magicbyirineu.app */,
				478BC46A22171E28000579FE /* magicbyirineuTests.xctest */,
			);
			name = Products;
			sourceTree = "<group>";
		};
		478BC45822171E27000579FE /* magicbyirineu */ = {
			isa = PBXGroup;
			children = (
				478BC45922171E27000579FE /* AppDelegate.swift */,
				478BC45B22171E27000579FE /* ViewController.swift */,
				478BC45D22171E27000579FE /* Main.storyboard */,
				478BC46022171E28000579FE /* Assets.xcassets */,
				478BC46222171E28000579FE /* LaunchScreen.storyboard */,
				478BC46522171E28000579FE /* Info.plist */,
			);
			path = magicbyirineu;
			sourceTree = "<group>";
		};
		478BC46D22171E28000579FE /* magicbyirineuTests */ = {
			isa = PBXGroup;
			children = (
				478BC46E22171E28000579FE /* magicbyirineuTests.swift */,
				478BC47022171E28000579FE /* Info.plist */,
			);
			path = magicbyirineuTests;
			sourceTree = "<group>";
		};
/* End PBXGroup section */

/* Begin PBXNativeTarget section */
		478BC45522171E27000579FE /* magicbyirineu */ = {
			isa = PBXNativeTarget;
			buildConfigurationList = 478BC47322171E28000579FE /* Build configuration list for PBXNativeTarget "magicbyirineu" */;
			buildPhases = (
				48B0D9F767EAB5A9399A8FF3 /* [CP] Check Pods Manifest.lock */,
				478BC45222171E27000579FE /* Sources */,
				478BC45322171E27000579FE /* Frameworks */,
				478BC45422171E27000579FE /* Resources */,
				473C8D6622174F450095CC4C /* Embed Frameworks */,
			);
			buildRules = (
			);
			dependencies = (
			);
			name = magicbyirineu;
			productName = magicbyirineu;
			productReference = 478BC45622171E27000579FE /* magicbyirineu.app */;
			productType = "com.apple.product-type.application";
		};
		478BC46922171E28000579FE /* magicbyirineuTests */ = {
			isa = PBXNativeTarget;
			buildConfigurationList = 478BC47622171E28000579FE /* Build configuration list for PBXNativeTarget "magicbyirineuTests" */;
			buildPhases = (
				FC8A87B0826EABB1F9A748EA /* [CP] Check Pods Manifest.lock */,
				478BC46622171E28000579FE /* Sources */,
				478BC46722171E28000579FE /* Frameworks */,
				478BC46822171E28000579FE /* Resources */,
				BFACB30346A2109B73E1868C /* [CP] Embed Pods Frameworks */,
			);
			buildRules = (
			);
			dependencies = (
				478BC46C22171E28000579FE /* PBXTargetDependency */,
			);
			name = magicbyirineuTests;
			productName = magicbyirineuTests;
			productReference = 478BC46A22171E28000579FE /* magicbyirineuTests.xctest */;
			productType = "com.apple.product-type.bundle.unit-test";
		};
/* End PBXNativeTarget section */

/* Begin PBXProject section */
		478BC44E22171E27000579FE /* Project object */ = {
			isa = PBXProject;
			attributes = {
				LastSwiftUpdateCheck = 1010;
				LastUpgradeCheck = 1010;
				ORGANIZATIONNAME = DanielLima;
				TargetAttributes = {
					478BC45522171E27000579FE = {
						CreatedOnToolsVersion = 10.1;
					};
					478BC46922171E28000579FE = {
						CreatedOnToolsVersion = 10.1;
						TestTargetID = 478BC45522171E27000579FE;
					};
				};
			};
			buildConfigurationList = 478BC45122171E27000579FE /* Build configuration list for PBXProject "magicbyirineu" */;
			compatibilityVersion = "Xcode 9.3";
			developmentRegion = en;
			hasScannedForEncodings = 0;
			knownRegions = (
				en,
				Base,
			);
			mainGroup = 478BC44D22171E27000579FE;
			productRefGroup = 478BC45722171E27000579FE /* Products */;
			projectDirPath = "";
			projectRoot = "";
			targets = (
				478BC45522171E27000579FE /* magicbyirineu */,
				478BC46922171E28000579FE /* magicbyirineuTests */,
			);
		};
/* End PBXProject section */

/* Begin PBXResourcesBuildPhase section */
		478BC45422171E27000579FE /* Resources */ = {
			isa = PBXResourcesBuildPhase;
			buildActionMask = 2147483647;
			files = (
				478BC46422171E28000579FE /* LaunchScreen.storyboard in Resources */,
				478BC46122171E28000579FE /* Assets.xcassets in Resources */,
				478BC45F22171E27000579FE /* Main.storyboard in Resources */,
			);
			runOnlyForDeploymentPostprocessing = 0;
		};
		478BC46822171E28000579FE /* Resources */ = {
			isa = PBXResourcesBuildPhase;
			buildActionMask = 2147483647;
			files = (
			);
			runOnlyForDeploymentPostprocessing = 0;
		};
/* End PBXResourcesBuildPhase section */

/* Begin PBXShellScriptBuildPhase section */
		48B0D9F767EAB5A9399A8FF3 /* [CP] Check Pods Manifest.lock */ = {
			isa = PBXShellScriptBuildPhase;
			buildActionMask = 2147483647;
			files = (
			);
			inputFileListPaths = (
			);
			inputPaths = (
				"${PODS_PODFILE_DIR_PATH}/Podfile.lock",
				"${PODS_ROOT}/Manifest.lock",
			);
			name = "[CP] Check Pods Manifest.lock";
			outputFileListPaths = (
			);
			outputPaths = (
				"$(DERIVED_FILE_DIR)/Pods-magicbyirineu-checkManifestLockResult.txt",
			);
			runOnlyForDeploymentPostprocessing = 0;
			shellPath = /bin/sh;
			shellScript = "diff \"${PODS_PODFILE_DIR_PATH}/Podfile.lock\" \"${PODS_ROOT}/Manifest.lock\" > /dev/null\nif [ $? != 0 ] ; then\n    # print error to STDERR\n    echo \"error: The sandbox is not in sync with the Podfile.lock. Run 'pod install' or update your CocoaPods installation.\" >&2\n    exit 1\nfi\n# This output is used by Xcode 'outputs' to avoid re-running this script phase.\necho \"SUCCESS\" > \"${SCRIPT_OUTPUT_FILE_0}\"\n";
			showEnvVarsInLog = 0;
		};
		BFACB30346A2109B73E1868C /* [CP] Embed Pods Frameworks */ = {
			isa = PBXShellScriptBuildPhase;
			buildActionMask = 2147483647;
			files = (
			);
			inputFileListPaths = (
			);
			inputPaths = (
				"${SRCROOT}/Pods/Target Support Files/Pods-magicbyirineuTests/Pods-magicbyirineuTests-frameworks.sh",
				"${BUILT_PRODUCTS_DIR}/KIF/KIF.framework",
				"${BUILT_PRODUCTS_DIR}/Nimble/Nimble.framework",
				"${BUILT_PRODUCTS_DIR}/Nimble-Snapshots/Nimble_Snapshots.framework",
				"${BUILT_PRODUCTS_DIR}/Quick/Quick.framework",
				"${BUILT_PRODUCTS_DIR}/iOSSnapshotTestCase/FBSnapshotTestCase.framework",
			);
			name = "[CP] Embed Pods Frameworks";
			outputFileListPaths = (
			);
			outputPaths = (
				"${TARGET_BUILD_DIR}/${FRAMEWORKS_FOLDER_PATH}/KIF.framework",
				"${TARGET_BUILD_DIR}/${FRAMEWORKS_FOLDER_PATH}/Nimble.framework",
				"${TARGET_BUILD_DIR}/${FRAMEWORKS_FOLDER_PATH}/Nimble_Snapshots.framework",
				"${TARGET_BUILD_DIR}/${FRAMEWORKS_FOLDER_PATH}/Quick.framework",
				"${TARGET_BUILD_DIR}/${FRAMEWORKS_FOLDER_PATH}/FBSnapshotTestCase.framework",
			);
			runOnlyForDeploymentPostprocessing = 0;
			shellPath = /bin/sh;
			shellScript = "\"${SRCROOT}/Pods/Target Support Files/Pods-magicbyirineuTests/Pods-magicbyirineuTests-frameworks.sh\"\n";
			showEnvVarsInLog = 0;
		};
		FC8A87B0826EABB1F9A748EA /* [CP] Check Pods Manifest.lock */ = {
			isa = PBXShellScriptBuildPhase;
			buildActionMask = 2147483647;
			files = (
			);
			inputFileListPaths = (
			);
			inputPaths = (
				"${PODS_PODFILE_DIR_PATH}/Podfile.lock",
				"${PODS_ROOT}/Manifest.lock",
			);
			name = "[CP] Check Pods Manifest.lock";
			outputFileListPaths = (
			);
			outputPaths = (
				"$(DERIVED_FILE_DIR)/Pods-magicbyirineuTests-checkManifestLockResult.txt",
			);
			runOnlyForDeploymentPostprocessing = 0;
			shellPath = /bin/sh;
			shellScript = "diff \"${PODS_PODFILE_DIR_PATH}/Podfile.lock\" \"${PODS_ROOT}/Manifest.lock\" > /dev/null\nif [ $? != 0 ] ; then\n    # print error to STDERR\n    echo \"error: The sandbox is not in sync with the Podfile.lock. Run 'pod install' or update your CocoaPods installation.\" >&2\n    exit 1\nfi\n# This output is used by Xcode 'outputs' to avoid re-running this script phase.\necho \"SUCCESS\" > \"${SCRIPT_OUTPUT_FILE_0}\"\n";
			showEnvVarsInLog = 0;
		};
/* End PBXShellScriptBuildPhase section */

/* Begin PBXSourcesBuildPhase section */
		478BC45222171E27000579FE /* Sources */ = {
			isa = PBXSourcesBuildPhase;
			buildActionMask = 2147483647;
			files = (
				478BC45C22171E27000579FE /* ViewController.swift in Sources */,
				478BC45A22171E27000579FE /* AppDelegate.swift in Sources */,
			);
			runOnlyForDeploymentPostprocessing = 0;
		};
		478BC46622171E28000579FE /* Sources */ = {
			isa = PBXSourcesBuildPhase;
			buildActionMask = 2147483647;
			files = (
				478BC46F22171E28000579FE /* magicbyirineuTests.swift in Sources */,
			);
			runOnlyForDeploymentPostprocessing = 0;
		};
/* End PBXSourcesBuildPhase section */

/* Begin PBXTargetDependency section */
		478BC46C22171E28000579FE /* PBXTargetDependency */ = {
			isa = PBXTargetDependency;
			target = 478BC45522171E27000579FE /* magicbyirineu */;
			targetProxy = 478BC46B22171E28000579FE /* PBXContainerItemProxy */;
		};
/* End PBXTargetDependency section */

/* Begin PBXVariantGroup section */
		478BC45D22171E27000579FE /* Main.storyboard */ = {
			isa = PBXVariantGroup;
			children = (
				478BC45E22171E27000579FE /* Base */,
			);
			name = Main.storyboard;
			sourceTree = "<group>";
		};
		478BC46222171E28000579FE /* LaunchScreen.storyboard */ = {
			isa = PBXVariantGroup;
			children = (
				478BC46322171E28000579FE /* Base */,
			);
			name = LaunchScreen.storyboard;
			sourceTree = "<group>";
		};
/* End PBXVariantGroup section */

/* Begin XCBuildConfiguration section */
		478BC47122171E28000579FE /* Debug */ = {
			isa = XCBuildConfiguration;
			buildSettings = {
				ALWAYS_SEARCH_USER_PATHS = NO;
				CLANG_ANALYZER_NONNULL = YES;
				CLANG_ANALYZER_NUMBER_OBJECT_CONVERSION = YES_AGGRESSIVE;
				CLANG_CXX_LANGUAGE_STANDARD = "gnu++14";
				CLANG_CXX_LIBRARY = "libc++";
				CLANG_ENABLE_MODULES = YES;
				CLANG_ENABLE_OBJC_ARC = YES;
				CLANG_ENABLE_OBJC_WEAK = YES;
				CLANG_WARN_BLOCK_CAPTURE_AUTORELEASING = YES;
				CLANG_WARN_BOOL_CONVERSION = YES;
				CLANG_WARN_COMMA = YES;
				CLANG_WARN_CONSTANT_CONVERSION = YES;
				CLANG_WARN_DEPRECATED_OBJC_IMPLEMENTATIONS = YES;
				CLANG_WARN_DIRECT_OBJC_ISA_USAGE = YES_ERROR;
				CLANG_WARN_DOCUMENTATION_COMMENTS = YES;
				CLANG_WARN_EMPTY_BODY = YES;
				CLANG_WARN_ENUM_CONVERSION = YES;
				CLANG_WARN_INFINITE_RECURSION = YES;
				CLANG_WARN_INT_CONVERSION = YES;
				CLANG_WARN_NON_LITERAL_NULL_CONVERSION = YES;
				CLANG_WARN_OBJC_IMPLICIT_RETAIN_SELF = YES;
				CLANG_WARN_OBJC_LITERAL_CONVERSION = YES;
				CLANG_WARN_OBJC_ROOT_CLASS = YES_ERROR;
				CLANG_WARN_RANGE_LOOP_ANALYSIS = YES;
				CLANG_WARN_STRICT_PROTOTYPES = YES;
				CLANG_WARN_SUSPICIOUS_MOVE = YES;
				CLANG_WARN_UNGUARDED_AVAILABILITY = YES_AGGRESSIVE;
				CLANG_WARN_UNREACHABLE_CODE = YES;
				CLANG_WARN__DUPLICATE_METHOD_MATCH = YES;
				CODE_SIGN_IDENTITY = "iPhone Developer";
				COPY_PHASE_STRIP = NO;
				DEBUG_INFORMATION_FORMAT = dwarf;
				ENABLE_STRICT_OBJC_MSGSEND = YES;
				ENABLE_TESTABILITY = YES;
				GCC_C_LANGUAGE_STANDARD = gnu11;
				GCC_DYNAMIC_NO_PIC = NO;
				GCC_NO_COMMON_BLOCKS = YES;
				GCC_OPTIMIZATION_LEVEL = 0;
				GCC_PREPROCESSOR_DEFINITIONS = (
					"DEBUG=1",
					"$(inherited)",
				);
				GCC_WARN_64_TO_32_BIT_CONVERSION = YES;
				GCC_WARN_ABOUT_RETURN_TYPE = YES_ERROR;
				GCC_WARN_UNDECLARED_SELECTOR = YES;
				GCC_WARN_UNINITIALIZED_AUTOS = YES_AGGRESSIVE;
				GCC_WARN_UNUSED_FUNCTION = YES;
				GCC_WARN_UNUSED_VARIABLE = YES;
				IPHONEOS_DEPLOYMENT_TARGET = 12.1;
				MTL_ENABLE_DEBUG_INFO = INCLUDE_SOURCE;
				MTL_FAST_MATH = YES;
				ONLY_ACTIVE_ARCH = YES;
				SDKROOT = iphoneos;
				SWIFT_ACTIVE_COMPILATION_CONDITIONS = DEBUG;
				SWIFT_OPTIMIZATION_LEVEL = "-Onone";
			};
			name = Debug;
		};
		478BC47222171E28000579FE /* Release */ = {
			isa = XCBuildConfiguration;
			buildSettings = {
				ALWAYS_SEARCH_USER_PATHS = NO;
				CLANG_ANALYZER_NONNULL = YES;
				CLANG_ANALYZER_NUMBER_OBJECT_CONVERSION = YES_AGGRESSIVE;
				CLANG_CXX_LANGUAGE_STANDARD = "gnu++14";
				CLANG_CXX_LIBRARY = "libc++";
				CLANG_ENABLE_MODULES = YES;
				CLANG_ENABLE_OBJC_ARC = YES;
				CLANG_ENABLE_OBJC_WEAK = YES;
				CLANG_WARN_BLOCK_CAPTURE_AUTORELEASING = YES;
				CLANG_WARN_BOOL_CONVERSION = YES;
				CLANG_WARN_COMMA = YES;
				CLANG_WARN_CONSTANT_CONVERSION = YES;
				CLANG_WARN_DEPRECATED_OBJC_IMPLEMENTATIONS = YES;
				CLANG_WARN_DIRECT_OBJC_ISA_USAGE = YES_ERROR;
				CLANG_WARN_DOCUMENTATION_COMMENTS = YES;
				CLANG_WARN_EMPTY_BODY = YES;
				CLANG_WARN_ENUM_CONVERSION = YES;
				CLANG_WARN_INFINITE_RECURSION = YES;
				CLANG_WARN_INT_CONVERSION = YES;
				CLANG_WARN_NON_LITERAL_NULL_CONVERSION = YES;
				CLANG_WARN_OBJC_IMPLICIT_RETAIN_SELF = YES;
				CLANG_WARN_OBJC_LITERAL_CONVERSION = YES;
				CLANG_WARN_OBJC_ROOT_CLASS = YES_ERROR;
				CLANG_WARN_RANGE_LOOP_ANALYSIS = YES;
				CLANG_WARN_STRICT_PROTOTYPES = YES;
				CLANG_WARN_SUSPICIOUS_MOVE = YES;
				CLANG_WARN_UNGUARDED_AVAILABILITY = YES_AGGRESSIVE;
				CLANG_WARN_UNREACHABLE_CODE = YES;
				CLANG_WARN__DUPLICATE_METHOD_MATCH = YES;
				CODE_SIGN_IDENTITY = "iPhone Developer";
				COPY_PHASE_STRIP = NO;
				DEBUG_INFORMATION_FORMAT = "dwarf-with-dsym";
				ENABLE_NS_ASSERTIONS = NO;
				ENABLE_STRICT_OBJC_MSGSEND = YES;
				GCC_C_LANGUAGE_STANDARD = gnu11;
				GCC_NO_COMMON_BLOCKS = YES;
				GCC_WARN_64_TO_32_BIT_CONVERSION = YES;
				GCC_WARN_ABOUT_RETURN_TYPE = YES_ERROR;
				GCC_WARN_UNDECLARED_SELECTOR = YES;
				GCC_WARN_UNINITIALIZED_AUTOS = YES_AGGRESSIVE;
				GCC_WARN_UNUSED_FUNCTION = YES;
				GCC_WARN_UNUSED_VARIABLE = YES;
				IPHONEOS_DEPLOYMENT_TARGET = 12.1;
				MTL_ENABLE_DEBUG_INFO = NO;
				MTL_FAST_MATH = YES;
				SDKROOT = iphoneos;
				SWIFT_COMPILATION_MODE = wholemodule;
				SWIFT_OPTIMIZATION_LEVEL = "-O";
				VALIDATE_PRODUCT = YES;
			};
			name = Release;
		};
		478BC47422171E28000579FE /* Debug */ = {
			isa = XCBuildConfiguration;
			baseConfigurationReference = CA34616E3BD7F470AF4450BD /* Pods-magicbyirineu.debug.xcconfig */;
			buildSettings = {
				ASSETCATALOG_COMPILER_APPICON_NAME = AppIcon;
				CODE_SIGN_STYLE = Automatic;
				FRAMEWORK_SEARCH_PATHS = (
					"$(inherited)",
					"$(PROJECT_DIR)/Carthage/Build/iOS",
				);
				INFOPLIST_FILE = magicbyirineu/Info.plist;
				LD_RUNPATH_SEARCH_PATHS = (
					"$(inherited)",
					"@executable_path/Frameworks",
				);
				PRODUCT_BUNDLE_IDENTIFIER = io.github.teamirinew.magicbyirineu;
				PRODUCT_NAME = "$(TARGET_NAME)";
				SWIFT_VERSION = 4.2;
				TARGETED_DEVICE_FAMILY = "1,2";
			};
			name = Debug;
		};
		478BC47522171E28000579FE /* Release */ = {
			isa = XCBuildConfiguration;
			baseConfigurationReference = D72262C0173B8F562F887DAC /* Pods-magicbyirineu.release.xcconfig */;
			buildSettings = {
				ASSETCATALOG_COMPILER_APPICON_NAME = AppIcon;
				CODE_SIGN_STYLE = Automatic;
				FRAMEWORK_SEARCH_PATHS = (
					"$(inherited)",
					"$(PROJECT_DIR)/Carthage/Build/iOS",
				);
				INFOPLIST_FILE = magicbyirineu/Info.plist;
				LD_RUNPATH_SEARCH_PATHS = (
					"$(inherited)",
					"@executable_path/Frameworks",
				);
				PRODUCT_BUNDLE_IDENTIFIER = io.github.teamirinew.magicbyirineu;
				PRODUCT_NAME = "$(TARGET_NAME)";
				SWIFT_VERSION = 4.2;
				TARGETED_DEVICE_FAMILY = "1,2";
			};
			name = Release;
		};
		478BC47722171E28000579FE /* Debug */ = {
			isa = XCBuildConfiguration;
			baseConfigurationReference = B7AA5EDA7BBB11599890F6E7 /* Pods-magicbyirineuTests.debug.xcconfig */;
			buildSettings = {
				ALWAYS_EMBED_SWIFT_STANDARD_LIBRARIES = YES;
				BUNDLE_LOADER = "$(TEST_HOST)";
				CODE_SIGN_STYLE = Automatic;
				INFOPLIST_FILE = magicbyirineuTests/Info.plist;
				LD_RUNPATH_SEARCH_PATHS = (
					"$(inherited)",
					"@executable_path/Frameworks",
					"@loader_path/Frameworks",
				);
				PRODUCT_BUNDLE_IDENTIFIER = io.github.teamirinew.magicbyirineuTests;
				PRODUCT_NAME = "$(TARGET_NAME)";
				SWIFT_VERSION = 4.2;
				TARGETED_DEVICE_FAMILY = "1,2";
				TEST_HOST = "$(BUILT_PRODUCTS_DIR)/magicbyirineu.app/magicbyirineu";
			};
			name = Debug;
		};
		478BC47822171E28000579FE /* Release */ = {
			isa = XCBuildConfiguration;
			baseConfigurationReference = FC925AEDA27E9C9572F65A81 /* Pods-magicbyirineuTests.release.xcconfig */;
			buildSettings = {
				ALWAYS_EMBED_SWIFT_STANDARD_LIBRARIES = YES;
				BUNDLE_LOADER = "$(TEST_HOST)";
				CODE_SIGN_STYLE = Automatic;
				INFOPLIST_FILE = magicbyirineuTests/Info.plist;
				LD_RUNPATH_SEARCH_PATHS = (
					"$(inherited)",
					"@executable_path/Frameworks",
					"@loader_path/Frameworks",
				);
				PRODUCT_BUNDLE_IDENTIFIER = io.github.teamirinew.magicbyirineuTests;
				PRODUCT_NAME = "$(TARGET_NAME)";
				SWIFT_VERSION = 4.2;
				TARGETED_DEVICE_FAMILY = "1,2";
				TEST_HOST = "$(BUILT_PRODUCTS_DIR)/magicbyirineu.app/magicbyirineu";
			};
			name = Release;
		};
/* End XCBuildConfiguration section */

/* Begin XCConfigurationList section */
		478BC45122171E27000579FE /* Build configuration list for PBXProject "magicbyirineu" */ = {
			isa = XCConfigurationList;
			buildConfigurations = (
				478BC47122171E28000579FE /* Debug */,
				478BC47222171E28000579FE /* Release */,
			);
			defaultConfigurationIsVisible = 0;
			defaultConfigurationName = Release;
		};
		478BC47322171E28000579FE /* Build configuration list for PBXNativeTarget "magicbyirineu" */ = {
			isa = XCConfigurationList;
			buildConfigurations = (
				478BC47422171E28000579FE /* Debug */,
				478BC47522171E28000579FE /* Release */,
			);
			defaultConfigurationIsVisible = 0;
			defaultConfigurationName = Release;
		};
		478BC47622171E28000579FE /* Build configuration list for PBXNativeTarget "magicbyirineuTests" */ = {
			isa = XCConfigurationList;
			buildConfigurations = (
				478BC47722171E28000579FE /* Debug */,
				478BC47822171E28000579FE /* Release */,
			);
			defaultConfigurationIsVisible = 0;
			defaultConfigurationName = Release;
		};
/* End XCConfigurationList section */
	};
	rootObject = 478BC44E22171E27000579FE /* Project object */;
}
